
Microsoft Visual Studio Solution File, Format Version 12.00
# Visual Studio Version 16
VisualStudioVersion = 16.0.31424.327
MinimumVisualStudioVersion = 10.0.40219.1
Project("{FAE04EC0-301F-11D3-BF4B-00C04F79EFBC}") = "XOR_encoder", "XOR_encoder.csproj", "{AFF8CFC9-3121-4EA4-BDE0-E0C8D9B46EB6}"
EndProject
Global
	GlobalSection(SolutionConfigurationPlatforms) = preSolution
		Debug|Any CPU = Debug|Any CPU
		Release|Any CPU = Release|Any CPU
	EndGlobalSection
	GlobalSection(ProjectConfigurationPlatforms) = postSolution
		{AFF8CFC9-3121-4EA4-BDE0-E0C8D9B46EB6}.Debug|Any CPU.ActiveCfg = Debug|Any CPU
		{AFF8CFC9-3121-4EA4-BDE0-E0C8D9B46EB6}.Debug|Any CPU.Build.0 = Debug|Any CPU
		{AFF8CFC9-3121-4EA4-BDE0-E0C8D9B46EB6}.Release|Any CPU.ActiveCfg = Release|Any CPU
		{AFF8CFC9-3121-4EA4-BDE0-E0C8D9B46EB6}.Release|Any CPU.Build.0 = Release|Any CPU
	EndGlobalSection
	GlobalSection(SolutionProperties) = preSolution
		HideSolutionNode = FALSE
	EndGlobalSection
	GlobalSection(ExtensibilityGlobals) = postSolution
		SolutionGuid = {173C1E8F-2958-4556-A46E-1CFBB8543D6B}
	EndGlobalSection
EndGlobal
